
Microsoft Visual Studio Solution File, Format Version 12.00
# Visual Studio Version 17
VisualStudioVersion = 17.12.35707.178
MinimumVisualStudioVersion = 10.0.40219.1
Project("{2150E333-8FDC-42A3-9474-1A3956D46DE8}") = "01.Web", "01.Web", "{C200AD3D-67CD-46C5-A62B-BE89E1971E09}"
EndProject
Project("{2150E333-8FDC-42A3-9474-1A3956D46DE8}") = "SOAP", "SOAP", "{FFF6FB61-63FF-462F-A34E-6124B33CA270}"
EndProject
Project("{FAE04EC0-301F-11D3-BF4B-00C04F79EFBC}") = "Api", "NETPractices\WEB\SOAP\Api\Api.csproj", "{BE6BC236-648D-429F-883F-74580195CADA}"
EndProject
Project("{FAE04EC0-301F-11D3-BF4B-00C04F79EFBC}") = "SoapClinentApp", "NETPractices\WEB\SOAP\SoapClinentApp\SoapClinentApp.csproj", "{2798FE76-0384-4EB1-AD40-4059DAF03466}"
EndProject
Project("{FAE04EC0-301F-11D3-BF4B-00C04F79EFBC}") = "ModelLibrary", "NETPractices\WEB\SOAP\ModelLibrary\ModelLibrary.csproj", "{06C44BC1-9B75-47C1-912E-C4D3D6A61872}"
EndProject
Project("{2150E333-8FDC-42A3-9474-1A3956D46DE8}") = "02.ReactiveExtensions", "02.ReactiveExtensions", "{E26073C3-1893-44CF-ADB1-127995FB8BFA}"
EndProject
Project("{2150E333-8FDC-42A3-9474-1A3956D46DE8}") = "Rx", "Rx", "{FEB6209E-4656-4DB1-A3CC-CA3C8691007A}"
EndProject
Project("{FAE04EC0-301F-11D3-BF4B-00C04F79EFBC}") = "ReactiveExtensionIntroduction", "NETPractices\ReactiveExtensions\Rx\ReactiveExtensionIntroduction\ReactiveExtensionIntroduction.csproj", "{E5408877-92AE-4B51-80CF-18C1CC642F74}"
EndProject
Project("{2150E333-8FDC-42A3-9474-1A3956D46DE8}") = "MinimalAPI", "MinimalAPI", "{02EA681E-C7D8-13C7-8484-4AC65E1B71E8}"
EndProject
Project("{FAE04EC0-301F-11D3-BF4B-00C04F79EFBC}") = "MinimalAPIPractices", "NETPractices\WEB\MinimalAPI\MinimalAPIPractices\MinimalAPIPractices.csproj", "{F8CFC159-7CC1-478F-B72F-85AB6D90D08A}"
EndProject
Project("{FAE04EC0-301F-11D3-BF4B-00C04F79EFBC}") = "MinimalAPIPractices.Infastructure", "NETPractices\WEB\MinimalAPI\MinimalAPIPractices.Infastructure\MinimalAPIPractices.Infastructure.csproj", "{9B303C0E-2703-4EB4-988A-96DAA5EBFB17}"
EndProject
Project("{FAE04EC0-301F-11D3-BF4B-00C04F79EFBC}") = "MinimalAPIPractices.Domain", "NETPractices\WEB\MinimalAPI\MinimalAPIPractices.Domain\MinimalAPIPractices.Domain.csproj", "{3FCA6ABF-12C3-4AE3-9B6D-472381B60A71}"
EndProject
Global
	GlobalSection(SolutionConfigurationPlatforms) = preSolution
		Debug|Any CPU = Debug|Any CPU
		Release|Any CPU = Release|Any CPU
	EndGlobalSection
	GlobalSection(ProjectConfigurationPlatforms) = postSolution
		{BE6BC236-648D-429F-883F-74580195CADA}.Debug|Any CPU.ActiveCfg = Debug|Any CPU
		{BE6BC236-648D-429F-883F-74580195CADA}.Debug|Any CPU.Build.0 = Debug|Any CPU
		{BE6BC236-648D-429F-883F-74580195CADA}.Release|Any CPU.ActiveCfg = Release|Any CPU
		{BE6BC236-648D-429F-883F-74580195CADA}.Release|Any CPU.Build.0 = Release|Any CPU
		{2798FE76-0384-4EB1-AD40-4059DAF03466}.Debug|Any CPU.ActiveCfg = Debug|Any CPU
		{2798FE76-0384-4EB1-AD40-4059DAF03466}.Debug|Any CPU.Build.0 = Debug|Any CPU
		{2798FE76-0384-4EB1-AD40-4059DAF03466}.Release|Any CPU.ActiveCfg = Release|Any CPU
		{2798FE76-0384-4EB1-AD40-4059DAF03466}.Release|Any CPU.Build.0 = Release|Any CPU
		{06C44BC1-9B75-47C1-912E-C4D3D6A61872}.Debug|Any CPU.ActiveCfg = Debug|Any CPU
		{06C44BC1-9B75-47C1-912E-C4D3D6A61872}.Debug|Any CPU.Build.0 = Debug|Any CPU
		{06C44BC1-9B75-47C1-912E-C4D3D6A61872}.Release|Any CPU.ActiveCfg = Release|Any CPU
		{06C44BC1-9B75-47C1-912E-C4D3D6A61872}.Release|Any CPU.Build.0 = Release|Any CPU
		{E5408877-92AE-4B51-80CF-18C1CC642F74}.Debug|Any CPU.ActiveCfg = Debug|Any CPU
		{E5408877-92AE-4B51-80CF-18C1CC642F74}.Debug|Any CPU.Build.0 = Debug|Any CPU
		{E5408877-92AE-4B51-80CF-18C1CC642F74}.Release|Any CPU.ActiveCfg = Release|Any CPU
		{E5408877-92AE-4B51-80CF-18C1CC642F74}.Release|Any CPU.Build.0 = Release|Any CPU
		{F8CFC159-7CC1-478F-B72F-85AB6D90D08A}.Debug|Any CPU.ActiveCfg = Debug|Any CPU
		{F8CFC159-7CC1-478F-B72F-85AB6D90D08A}.Debug|Any CPU.Build.0 = Debug|Any CPU
		{F8CFC159-7CC1-478F-B72F-85AB6D90D08A}.Release|Any CPU.ActiveCfg = Release|Any CPU
		{F8CFC159-7CC1-478F-B72F-85AB6D90D08A}.Release|Any CPU.Build.0 = Release|Any CPU
		{9B303C0E-2703-4EB4-988A-96DAA5EBFB17}.Debug|Any CPU.ActiveCfg = Debug|Any CPU
		{9B303C0E-2703-4EB4-988A-96DAA5EBFB17}.Debug|Any CPU.Build.0 = Debug|Any CPU
		{9B303C0E-2703-4EB4-988A-96DAA5EBFB17}.Release|Any CPU.ActiveCfg = Release|Any CPU
		{9B303C0E-2703-4EB4-988A-96DAA5EBFB17}.Release|Any CPU.Build.0 = Release|Any CPU
		{3FCA6ABF-12C3-4AE3-9B6D-472381B60A71}.Debug|Any CPU.ActiveCfg = Debug|Any CPU
		{3FCA6ABF-12C3-4AE3-9B6D-472381B60A71}.Debug|Any CPU.Build.0 = Debug|Any CPU
		{3FCA6ABF-12C3-4AE3-9B6D-472381B60A71}.Release|Any CPU.ActiveCfg = Release|Any CPU
		{3FCA6ABF-12C3-4AE3-9B6D-472381B60A71}.Release|Any CPU.Build.0 = Release|Any CPU
	EndGlobalSection
	GlobalSection(SolutionProperties) = preSolution
		HideSolutionNode = FALSE
	EndGlobalSection
	GlobalSection(NestedProjects) = preSolution
		{FFF6FB61-63FF-462F-A34E-6124B33CA270} = {C200AD3D-67CD-46C5-A62B-BE89E1971E09}
		{BE6BC236-648D-429F-883F-74580195CADA} = {FFF6FB61-63FF-462F-A34E-6124B33CA270}
		{2798FE76-0384-4EB1-AD40-4059DAF03466} = {FFF6FB61-63FF-462F-A34E-6124B33CA270}
		{06C44BC1-9B75-47C1-912E-C4D3D6A61872} = {FFF6FB61-63FF-462F-A34E-6124B33CA270}
		{FEB6209E-4656-4DB1-A3CC-CA3C8691007A} = {E26073C3-1893-44CF-ADB1-127995FB8BFA}
		{E5408877-92AE-4B51-80CF-18C1CC642F74} = {FEB6209E-4656-4DB1-A3CC-CA3C8691007A}
		{02EA681E-C7D8-13C7-8484-4AC65E1B71E8} = {C200AD3D-67CD-46C5-A62B-BE89E1971E09}
		{F8CFC159-7CC1-478F-B72F-85AB6D90D08A} = {02EA681E-C7D8-13C7-8484-4AC65E1B71E8}
		{9B303C0E-2703-4EB4-988A-96DAA5EBFB17} = {02EA681E-C7D8-13C7-8484-4AC65E1B71E8}
		{3FCA6ABF-12C3-4AE3-9B6D-472381B60A71} = {02EA681E-C7D8-13C7-8484-4AC65E1B71E8}
	EndGlobalSection
	GlobalSection(ExtensibilityGlobals) = postSolution
		SolutionGuid = {5D8A10CE-FA4C-4362-A687-8B2BFC520CC6}
	EndGlobalSection
EndGlobal
