
Microsoft Visual Studio Solution File, Format Version 12.00
# Visual Studio Version 17
VisualStudioVersion = 17.13.35806.99
MinimumVisualStudioVersion = 10.0.40219.1
Project("{2150E333-8FDC-42A3-9474-1A3956D46DE8}") = "PipeTests", "PipeTests", "{02EA681E-C7D8-13C7-8484-4AC65E1B71E8}"
EndProject
Project("{FAE04EC0-301F-11D3-BF4B-00C04F79EFBC}") = "NamedPipeServer", "New folder\Models\NamedPipeServer\NamedPipeServer.csproj", "{D526C607-AB8F-4302-BE97-5482CC66DCFC}"
EndProject
Project("{FAE04EC0-301F-11D3-BF4B-00C04F79EFBC}") = "NamedPipeClient", "NamedPipeClient\NamedPipeClient.csproj", "{8F62EC16-A03D-4DBC-B6C8-EAF66BBECB4E}"
EndProject
Project("{2150E333-8FDC-42A3-9474-1A3956D46DE8}") = "WpfPipeMessaging", "WpfPipeMessaging", "{2C979246-C0ED-4CBC-9C6B-3E0848F2DC6A}"
EndProject
Project("{FAE04EC0-301F-11D3-BF4B-00C04F79EFBC}") = "Messaging.ModelLibrary", "Messaging.ModelLibrary\Messaging.ModelLibrary.csproj", "{935BEE8A-7ABA-4365-91F9-AFDC75610182}"
EndProject
Project("{FAE04EC0-301F-11D3-BF4B-00C04F79EFBC}") = "Messaging.Wpf", "Messaging.Wpf\Messaging.Wpf.csproj", "{1A8EC71F-2F52-47E9-9FF7-6DAEE34D6E32}"
EndProject
Project("{2150E333-8FDC-42A3-9474-1A3956D46DE8}") = "TrayApplicationTests", "TrayApplicationTests", "{3B0E7C52-ED23-49D2-97B3-560972864C9A}"
EndProject
Project("{FAE04EC0-301F-11D3-BF4B-00C04F79EFBC}") = "TrayApplicationWithWorkerServiceTest", "TrayApplicationWithWorkerServiceTest\TrayApplicationWithWorkerServiceTest.csproj", "{224081BA-2492-424A-A60A-D3843208D6BA}"
EndProject
Project("{2150E333-8FDC-42A3-9474-1A3956D46DE8}") = "MultiApplication", "MultiApplication", "{3BA58F2B-6874-4D5F-8CA1-F0250F5A09EF}"
EndProject
Project("{FAE04EC0-301F-11D3-BF4B-00C04F79EFBC}") = "MainApp", "MainApp\MainApp.csproj", "{049EE9C9-25F3-4A88-8603-F230EC85D3E2}"
EndProject
Project("{FAE04EC0-301F-11D3-BF4B-00C04F79EFBC}") = "Models", "Models\Models.csproj", "{A5FFBA8A-20C4-4149-A64E-9BC129AA688F}"
EndProject
Project("{FAE04EC0-301F-11D3-BF4B-00C04F79EFBC}") = "BackgroundProcessor", "BackgroundProcessor\BackgroundProcessor.csproj", "{7123B180-8661-4A66-996A-85291AAEA3DB}"
EndProject
Project("{2150E333-8FDC-42A3-9474-1A3956D46DE8}") = "EventSourceAPI", "EventSourceAPI", "{19DB83E8-61DE-4C65-84F5-B32160110684}"
EndProject
Project("{FAE04EC0-301F-11D3-BF4B-00C04F79EFBC}") = "TestApi", "TestApi\TestApi.csproj", "{9C2657C5-22A5-4F48-8797-F80976B843FF}"
EndProject
Project("{FAE04EC0-301F-11D3-BF4B-00C04F79EFBC}") = "TestApi2", "TestApi2\TestApi2.csproj", "{555A3C6E-9C7E-414D-B3CF-677EA887EF2E}"
EndProject
Project("{FAE04EC0-301F-11D3-BF4B-00C04F79EFBC}") = "Messaging.ModelLibraryTests", "Messaging.ModelLibraryTests\Messaging.ModelLibraryTests.csproj", "{D05609FF-A58C-4893-B8BB-E6153ADEADE0}"
EndProject
Project("{2150E333-8FDC-42A3-9474-1A3956D46DE8}") = "AvalondockTests", "AvalondockTests", "{AF81AB62-2479-408A-BEB4-EDBAB2D99889}"
EndProject
Project("{FAE04EC0-301F-11D3-BF4B-00C04F79EFBC}") = "DockingManagerTestApplication", "DockingManagerTestApplication\DockingManagerTestApplication.csproj", "{BEC9BF1C-6FB9-4B15-84E8-613E870EF476}"
EndProject
Global
	GlobalSection(SolutionConfigurationPlatforms) = preSolution
		Debug|Any CPU = Debug|Any CPU
		Release|Any CPU = Release|Any CPU
	EndGlobalSection
	GlobalSection(ProjectConfigurationPlatforms) = postSolution
		{D526C607-AB8F-4302-BE97-5482CC66DCFC}.Debug|Any CPU.ActiveCfg = Debug|Any CPU
		{D526C607-AB8F-4302-BE97-5482CC66DCFC}.Debug|Any CPU.Build.0 = Debug|Any CPU
		{D526C607-AB8F-4302-BE97-5482CC66DCFC}.Release|Any CPU.ActiveCfg = Release|Any CPU
		{D526C607-AB8F-4302-BE97-5482CC66DCFC}.Release|Any CPU.Build.0 = Release|Any CPU
		{8F62EC16-A03D-4DBC-B6C8-EAF66BBECB4E}.Debug|Any CPU.ActiveCfg = Debug|Any CPU
		{8F62EC16-A03D-4DBC-B6C8-EAF66BBECB4E}.Debug|Any CPU.Build.0 = Debug|Any CPU
		{8F62EC16-A03D-4DBC-B6C8-EAF66BBECB4E}.Release|Any CPU.ActiveCfg = Release|Any CPU
		{8F62EC16-A03D-4DBC-B6C8-EAF66BBECB4E}.Release|Any CPU.Build.0 = Release|Any CPU
		{935BEE8A-7ABA-4365-91F9-AFDC75610182}.Debug|Any CPU.ActiveCfg = Debug|Any CPU
		{935BEE8A-7ABA-4365-91F9-AFDC75610182}.Debug|Any CPU.Build.0 = Debug|Any CPU
		{935BEE8A-7ABA-4365-91F9-AFDC75610182}.Release|Any CPU.ActiveCfg = Release|Any CPU
		{935BEE8A-7ABA-4365-91F9-AFDC75610182}.Release|Any CPU.Build.0 = Release|Any CPU
		{1A8EC71F-2F52-47E9-9FF7-6DAEE34D6E32}.Debug|Any CPU.ActiveCfg = Debug|Any CPU
		{1A8EC71F-2F52-47E9-9FF7-6DAEE34D6E32}.Debug|Any CPU.Build.0 = Debug|Any CPU
		{1A8EC71F-2F52-47E9-9FF7-6DAEE34D6E32}.Release|Any CPU.ActiveCfg = Release|Any CPU
		{1A8EC71F-2F52-47E9-9FF7-6DAEE34D6E32}.Release|Any CPU.Build.0 = Release|Any CPU
		{224081BA-2492-424A-A60A-D3843208D6BA}.Debug|Any CPU.ActiveCfg = Debug|Any CPU
		{224081BA-2492-424A-A60A-D3843208D6BA}.Debug|Any CPU.Build.0 = Debug|Any CPU
		{224081BA-2492-424A-A60A-D3843208D6BA}.Release|Any CPU.ActiveCfg = Release|Any CPU
		{224081BA-2492-424A-A60A-D3843208D6BA}.Release|Any CPU.Build.0 = Release|Any CPU
		{049EE9C9-25F3-4A88-8603-F230EC85D3E2}.Debug|Any CPU.ActiveCfg = Debug|Any CPU
		{049EE9C9-25F3-4A88-8603-F230EC85D3E2}.Debug|Any CPU.Build.0 = Debug|Any CPU
		{049EE9C9-25F3-4A88-8603-F230EC85D3E2}.Release|Any CPU.ActiveCfg = Release|Any CPU
		{049EE9C9-25F3-4A88-8603-F230EC85D3E2}.Release|Any CPU.Build.0 = Release|Any CPU
		{A5FFBA8A-20C4-4149-A64E-9BC129AA688F}.Debug|Any CPU.ActiveCfg = Debug|Any CPU
		{A5FFBA8A-20C4-4149-A64E-9BC129AA688F}.Debug|Any CPU.Build.0 = Debug|Any CPU
		{A5FFBA8A-20C4-4149-A64E-9BC129AA688F}.Release|Any CPU.ActiveCfg = Release|Any CPU
		{A5FFBA8A-20C4-4149-A64E-9BC129AA688F}.Release|Any CPU.Build.0 = Release|Any CPU
		{7123B180-8661-4A66-996A-85291AAEA3DB}.Debug|Any CPU.ActiveCfg = Debug|Any CPU
		{7123B180-8661-4A66-996A-85291AAEA3DB}.Debug|Any CPU.Build.0 = Debug|Any CPU
		{7123B180-8661-4A66-996A-85291AAEA3DB}.Release|Any CPU.ActiveCfg = Release|Any CPU
		{7123B180-8661-4A66-996A-85291AAEA3DB}.Release|Any CPU.Build.0 = Release|Any CPU
		{9C2657C5-22A5-4F48-8797-F80976B843FF}.Debug|Any CPU.ActiveCfg = Debug|Any CPU
		{9C2657C5-22A5-4F48-8797-F80976B843FF}.Debug|Any CPU.Build.0 = Debug|Any CPU
		{9C2657C5-22A5-4F48-8797-F80976B843FF}.Release|Any CPU.ActiveCfg = Release|Any CPU
		{9C2657C5-22A5-4F48-8797-F80976B843FF}.Release|Any CPU.Build.0 = Release|Any CPU
		{555A3C6E-9C7E-414D-B3CF-677EA887EF2E}.Debug|Any CPU.ActiveCfg = Debug|Any CPU
		{555A3C6E-9C7E-414D-B3CF-677EA887EF2E}.Debug|Any CPU.Build.0 = Debug|Any CPU
		{555A3C6E-9C7E-414D-B3CF-677EA887EF2E}.Release|Any CPU.ActiveCfg = Release|Any CPU
		{555A3C6E-9C7E-414D-B3CF-677EA887EF2E}.Release|Any CPU.Build.0 = Release|Any CPU
		{D05609FF-A58C-4893-B8BB-E6153ADEADE0}.Debug|Any CPU.ActiveCfg = Debug|Any CPU
		{D05609FF-A58C-4893-B8BB-E6153ADEADE0}.Debug|Any CPU.Build.0 = Debug|Any CPU
		{D05609FF-A58C-4893-B8BB-E6153ADEADE0}.Release|Any CPU.ActiveCfg = Release|Any CPU
		{D05609FF-A58C-4893-B8BB-E6153ADEADE0}.Release|Any CPU.Build.0 = Release|Any CPU
		{BEC9BF1C-6FB9-4B15-84E8-613E870EF476}.Debug|Any CPU.ActiveCfg = Debug|Any CPU
		{BEC9BF1C-6FB9-4B15-84E8-613E870EF476}.Debug|Any CPU.Build.0 = Debug|Any CPU
		{BEC9BF1C-6FB9-4B15-84E8-613E870EF476}.Release|Any CPU.ActiveCfg = Release|Any CPU
		{BEC9BF1C-6FB9-4B15-84E8-613E870EF476}.Release|Any CPU.Build.0 = Release|Any CPU
	EndGlobalSection
	GlobalSection(SolutionProperties) = preSolution
		HideSolutionNode = FALSE
	EndGlobalSection
	GlobalSection(NestedProjects) = preSolution
		{D526C607-AB8F-4302-BE97-5482CC66DCFC} = {02EA681E-C7D8-13C7-8484-4AC65E1B71E8}
		{8F62EC16-A03D-4DBC-B6C8-EAF66BBECB4E} = {02EA681E-C7D8-13C7-8484-4AC65E1B71E8}
		{935BEE8A-7ABA-4365-91F9-AFDC75610182} = {2C979246-C0ED-4CBC-9C6B-3E0848F2DC6A}
		{1A8EC71F-2F52-47E9-9FF7-6DAEE34D6E32} = {2C979246-C0ED-4CBC-9C6B-3E0848F2DC6A}
		{224081BA-2492-424A-A60A-D3843208D6BA} = {3B0E7C52-ED23-49D2-97B3-560972864C9A}
		{049EE9C9-25F3-4A88-8603-F230EC85D3E2} = {3BA58F2B-6874-4D5F-8CA1-F0250F5A09EF}
		{A5FFBA8A-20C4-4149-A64E-9BC129AA688F} = {3BA58F2B-6874-4D5F-8CA1-F0250F5A09EF}
		{7123B180-8661-4A66-996A-85291AAEA3DB} = {3BA58F2B-6874-4D5F-8CA1-F0250F5A09EF}
		{9C2657C5-22A5-4F48-8797-F80976B843FF} = {19DB83E8-61DE-4C65-84F5-B32160110684}
		{555A3C6E-9C7E-414D-B3CF-677EA887EF2E} = {19DB83E8-61DE-4C65-84F5-B32160110684}
		{D05609FF-A58C-4893-B8BB-E6153ADEADE0} = {2C979246-C0ED-4CBC-9C6B-3E0848F2DC6A}
		{BEC9BF1C-6FB9-4B15-84E8-613E870EF476} = {AF81AB62-2479-408A-BEB4-EDBAB2D99889}
	EndGlobalSection
	GlobalSection(ExtensibilityGlobals) = postSolution
		SolutionGuid = {E836413E-34E3-4BB4-8E91-25ED46A4F8A3}
	EndGlobalSection
EndGlobal
